
Microsoft Visual Studio Solution File, Format Version 12.00
# Visual Studio Version 16
VisualStudioVersion = 16.0.30309.148
MinimumVisualStudioVersion = 10.0.40219.1
Project("{FAE04EC0-301F-11D3-BF4B-00C04F79EFBC}") = "Oef1 17-08-2020", "Oef1 17-08-2020\Oef1 17-08-2020.csproj", "{F32EEBCA-047E-48AA-8C48-E242EB68FB88}"
EndProject
Global
	GlobalSection(SolutionConfigurationPlatforms) = preSolution
		Debug|Any CPU = Debug|Any CPU
		Release|Any CPU = Release|Any CPU
	EndGlobalSection
	GlobalSection(ProjectConfigurationPlatforms) = postSolution
		{F32EEBCA-047E-48AA-8C48-E242EB68FB88}.Debug|Any CPU.ActiveCfg = Debug|Any CPU
		{F32EEBCA-047E-48AA-8C48-E242EB68FB88}.Debug|Any CPU.Build.0 = Debug|Any CPU
		{F32EEBCA-047E-48AA-8C48-E242EB68FB88}.Release|Any CPU.ActiveCfg = Release|Any CPU
		{F32EEBCA-047E-48AA-8C48-E242EB68FB88}.Release|Any CPU.Build.0 = Release|Any CPU
	EndGlobalSection
	GlobalSection(SolutionProperties) = preSolution
		HideSolutionNode = FALSE
	EndGlobalSection
	GlobalSection(ExtensibilityGlobals) = postSolution
		SolutionGuid = {ED74B9E1-F3E1-4F23-9190-C05360F89E56}
	EndGlobalSection
EndGlobal
